
Microsoft Visual Studio Solution File, Format Version 12.00
# Visual Studio Version 17
VisualStudioVersion = 17.14.36327.8 d17.14
MinimumVisualStudioVersion = 10.0.40219.1
Project("{FAE04EC0-301F-11D3-BF4B-00C04F79EFBC}") = "TrafficTicketingSystem", "TrafficTicketingSystem\TrafficTicketingSystem.csproj", "{A972D2C5-2CF8-4E44-AFC2-3B81ADCA9759}"
EndProject
Global
	GlobalSection(SolutionConfigurationPlatforms) = preSolution
		Debug|Any CPU = Debug|Any CPU
		Release|Any CPU = Release|Any CPU
	EndGlobalSection
	GlobalSection(ProjectConfigurationPlatforms) = postSolution
		{A972D2C5-2CF8-4E44-AFC2-3B81ADCA9759}.Debug|Any CPU.ActiveCfg = Debug|Any CPU
		{A972D2C5-2CF8-4E44-AFC2-3B81ADCA9759}.Debug|Any CPU.Build.0 = Debug|Any CPU
		{A972D2C5-2CF8-4E44-AFC2-3B81ADCA9759}.Release|Any CPU.ActiveCfg = Release|Any CPU
		{A972D2C5-2CF8-4E44-AFC2-3B81ADCA9759}.Release|Any CPU.Build.0 = Release|Any CPU
	EndGlobalSection
	GlobalSection(SolutionProperties) = preSolution
		HideSolutionNode = FALSE
	EndGlobalSection
	GlobalSection(ExtensibilityGlobals) = postSolution
		SolutionGuid = {8321D919-9AA8-4CD7-8C5F-46E5D5A78E9D}
	EndGlobalSection
EndGlobal
